
Microsoft Visual Studio Solution File, Format Version 12.00
# Visual Studio Version 16
VisualStudioVersion = 16.0.28803.452
MinimumVisualStudioVersion = 10.0.40219.1
Project("{9A19103F-16F7-4668-BE54-9A1E7A4F7556}") = "MyWebSite", "MyWebSite\MyWebSite.csproj", "{A639CC36-C4EF-461A-9E03-4775D222E7F1}"
EndProject
Project("{9A19103F-16F7-4668-BE54-9A1E7A4F7556}") = "MyWebSite.UITests", "MyWebSite.UITests\MyWebSite.UITests.csproj", "{19974C08-66FA-4AB6-A9BE-6A15B9610F06}"
EndProject
Global
	GlobalSection(SolutionConfigurationPlatforms) = preSolution
		Debug|Any CPU = Debug|Any CPU
		Release|Any CPU = Release|Any CPU
	EndGlobalSection
	GlobalSection(ProjectConfigurationPlatforms) = postSolution
		{A639CC36-C4EF-461A-9E03-4775D222E7F1}.Debug|Any CPU.ActiveCfg = Debug|Any CPU
		{A639CC36-C4EF-461A-9E03-4775D222E7F1}.Debug|Any CPU.Build.0 = Debug|Any CPU
		{A639CC36-C4EF-461A-9E03-4775D222E7F1}.Release|Any CPU.ActiveCfg = Release|Any CPU
		{A639CC36-C4EF-461A-9E03-4775D222E7F1}.Release|Any CPU.Build.0 = Release|Any CPU
		{19974C08-66FA-4AB6-A9BE-6A15B9610F06}.Debug|Any CPU.ActiveCfg = Debug|Any CPU
		{19974C08-66FA-4AB6-A9BE-6A15B9610F06}.Debug|Any CPU.Build.0 = Debug|Any CPU
		{19974C08-66FA-4AB6-A9BE-6A15B9610F06}.Release|Any CPU.ActiveCfg = Release|Any CPU
		{19974C08-66FA-4AB6-A9BE-6A15B9610F06}.Release|Any CPU.Build.0 = Release|Any CPU
	EndGlobalSection
	GlobalSection(SolutionProperties) = preSolution
		HideSolutionNode = FALSE
	EndGlobalSection
	GlobalSection(ExtensibilityGlobals) = postSolution
		SolutionGuid = {6EC22C17-87F8-496C-ACE4-3E7893A2CD33}
	EndGlobalSection
EndGlobal
